<?xml version="1.0" encoding="UTF-8" standalone="yes" ?>
<CodeBlocks_project_file>
	<FileVersion major="1" minor="6" />
	<Project>
		<Option title="CareerCup" />
		<Option pch_mode="2" />
		<Option compiler="gcc" />
		<Option virtualFolders="Chapter1/;" />
		<Build>
			<Target title="Debug">
				<Option output="bin/Debug/CareerCup" prefix_auto="1" extension_auto="1" />
				<Option object_output="obj/Debug/" />
				<Option type="1" />
				<Option compiler="gcc" />
				<Compiler>
					<Add option="-g" />
				</Compiler>
			</Target>
			<Target title="Release">
				<Option output="bin/Release/CareerCup" prefix_auto="1" extension_auto="1" />
				<Option object_output="obj/Release/" />
				<Option type="1" />
				<Option compiler="gcc" />
				<Compiler>
					<Add option="-O2" />
				</Compiler>
				<Linker>
					<Add option="-s" />
				</Linker>
			</Target>
		</Build>
		<Compiler>
			<Add option="-Wall" />
		</Compiler>
		<Unit filename="Chapter 1/Ex_1_1.h" />
		<Unit filename="My Lib/MyAlgorithms.h" />
		<Unit filename="My Lib/MyBST.h" />
		<Unit filename="My Lib/MyGraph.h" />
		<Unit filename="My Lib/MyHeap.h" />
		<Unit filename="My Lib/MyList.h" />
		<Unit filename="My Lib/MyQueue.h" />
		<Unit filename="My Lib/MyStack.h" />
		<Unit filename="My Lib/Sorting.cpp" />
		<Unit filename="Test.cpp" />
		<Extensions>
			<code_completion />
			<debugger />
		</Extensions>
	</Project>
</CodeBlocks_project_file>
